// !$*UTF8*$!
{
	archiveVersion = 1;
	classes = {
	};
	objectVersion = 46;
	objects = {

/* Begin PBXBuildFile section */
		326C39042702D6120045A3DE /* libusbmuxd-2.0.a in Frameworks */ = {isa = PBXBuildFile; fileRef = 326C38FC2702D6010045A3DE /* libusbmuxd-2.0.a */; };
		326C39052702D6120045A3DE /* libssl.a in Frameworks */ = {isa = PBXBuildFile; fileRef = 326C38FD2702D6010045A3DE /* libssl.a */; };
		326C39082702D6120045A3DE /* libimobiledevice-1.0.a in Frameworks */ = {isa = PBXBuildFile; fileRef = 326C39012702D6010045A3DE /* libimobiledevice-1.0.a */; };
		326C39092702D6120045A3DE /* libcrypto.a in Frameworks */ = {isa = PBXBuildFile; fileRef = 326C38FF2702D6010045A3DE /* libcrypto.a */; };
		326C390A2702D6120045A3DE /* libimobiledevice-glue-1.0.a in Frameworks */ = {isa = PBXBuildFile; fileRef = 326C39022702D6010045A3DE /* libimobiledevice-glue-1.0.a */; };
		326C390B2702D6120045A3DE /* libplist-2.0.a in Frameworks */ = {isa = PBXBuildFile; fileRef = 326C39002702D6010045A3DE /* libplist-2.0.a */; };
		8933D6531A1E7F6C009182A9 /* afcclient.c in Sources */ = {isa = PBXBuildFile; fileRef = 8933D64F1A1E7F6C009182A9 /* afcclient.c */; };
		8933D6541A1E7F6C009182A9 /* libidev.c in Sources */ = {isa = PBXBuildFile; fileRef = 8933D6511A1E7F6C009182A9 /* libidev.c */; };
/* End PBXBuildFile section */

/* Begin PBXCopyFilesBuildPhase section */
		8933D6431A1E7F1B009182A9 /* CopyFiles */ = {
			isa = PBXCopyFilesBuildPhase;
			buildActionMask = 12;
			dstPath = "";
			dstSubfolderSpec = 6;
			files = (
			);
			runOnlyForDeploymentPostprocessing = 0;
		};
/* End PBXCopyFilesBuildPhase section */

/* Begin PBXFileReference section */
		326C38FC2702D6010045A3DE /* libusbmuxd-2.0.a */ = {isa = PBXFileReference; lastKnownFileType = archive.ar; name = "libusbmuxd-2.0.a"; path = "afcclient/static/libusbmuxd-2.0.a"; sourceTree = "<group>"; };
		326C38FD2702D6010045A3DE /* libssl.a */ = {isa = PBXFileReference; lastKnownFileType = archive.ar; name = libssl.a; path = afcclient/static/libssl.a; sourceTree = "<group>"; };
		326C38FF2702D6010045A3DE /* libcrypto.a */ = {isa = PBXFileReference; lastKnownFileType = archive.ar; name = libcrypto.a; path = afcclient/static/libcrypto.a; sourceTree = "<group>"; };
		326C39002702D6010045A3DE /* libplist-2.0.a */ = {isa = PBXFileReference; lastKnownFileType = archive.ar; name = "libplist-2.0.a"; path = "afcclient/static/libplist-2.0.a"; sourceTree = "<group>"; };
		326C39012702D6010045A3DE /* libimobiledevice-1.0.a */ = {isa = PBXFileReference; lastKnownFileType = archive.ar; name = "libimobiledevice-1.0.a"; path = "afcclient/static/libimobiledevice-1.0.a"; sourceTree = "<group>"; };
		326C39022702D6010045A3DE /* libimobiledevice-glue-1.0.a */ = {isa = PBXFileReference; lastKnownFileType = archive.ar; name = "libimobiledevice-glue-1.0.a"; path = "afcclient/static/libimobiledevice-glue-1.0.a"; sourceTree = "<group>"; };
		8933D6451A1E7F1B009182A9 /* afcclient */ = {isa = PBXFileReference; explicitFileType = "compiled.mach-o.executable"; includeInIndex = 0; path = afcclient; sourceTree = BUILT_PRODUCTS_DIR; };
		8933D64F1A1E7F6C009182A9 /* afcclient.c */ = {isa = PBXFileReference; fileEncoding = 4; lastKnownFileType = sourcecode.c.c; path = afcclient.c; sourceTree = "<group>"; };
		8933D6501A1E7F6C009182A9 /* afcclient.h */ = {isa = PBXFileReference; fileEncoding = 4; lastKnownFileType = sourcecode.c.h; path = afcclient.h; sourceTree = "<group>"; };
		8933D6511A1E7F6C009182A9 /* libidev.c */ = {isa = PBXFileReference; fileEncoding = 4; lastKnownFileType = sourcecode.c.c; path = libidev.c; sourceTree = "<group>"; };
		8933D6521A1E7F6C009182A9 /* libidev.h */ = {isa = PBXFileReference; fileEncoding = 4; lastKnownFileType = sourcecode.c.h; path = libidev.h; sourceTree = "<group>"; };
/* End PBXFileReference section */

/* Begin PBXFrameworksBuildPhase section */
		8933D6421A1E7F1B009182A9 /* Frameworks */ = {
			isa = PBXFrameworksBuildPhase;
			buildActionMask = 2147483647;
			files = (
				326C39052702D6120045A3DE /* libssl.a in Frameworks */,
				326C39092702D6120045A3DE /* libcrypto.a in Frameworks */,
				326C39042702D6120045A3DE /* libusbmuxd-2.0.a in Frameworks */,
				326C390A2702D6120045A3DE /* libimobiledevice-glue-1.0.a in Frameworks */,
				326C390B2702D6120045A3DE /* libplist-2.0.a in Frameworks */,
				326C39082702D6120045A3DE /* libimobiledevice-1.0.a in Frameworks */,
			);
			runOnlyForDeploymentPostprocessing = 0;
		};
/* End PBXFrameworksBuildPhase section */

/* Begin PBXGroup section */
		326C38FB2702D6010045A3DE /* Frameworks */ = {
			isa = PBXGroup;
			children = (
				326C38FF2702D6010045A3DE /* libcrypto.a */,
				326C39012702D6010045A3DE /* libimobiledevice-1.0.a */,
				326C39022702D6010045A3DE /* libimobiledevice-glue-1.0.a */,
				326C39002702D6010045A3DE /* libplist-2.0.a */,
				326C38FD2702D6010045A3DE /* libssl.a */,
				326C38FC2702D6010045A3DE /* libusbmuxd-2.0.a */,
			);
			name = Frameworks;
			sourceTree = "<group>";
		};
		8933D63C1A1E7F1B009182A9 = {
			isa = PBXGroup;
			children = (
				8933D6471A1E7F1B009182A9 /* afcclient */,
				8933D6461A1E7F1B009182A9 /* Products */,
				326C38FB2702D6010045A3DE /* Frameworks */,
			);
			sourceTree = "<group>";
		};
		8933D6461A1E7F1B009182A9 /* Products */ = {
			isa = PBXGroup;
			children = (
				8933D6451A1E7F1B009182A9 /* afcclient */,
			);
			name = Products;
			sourceTree = "<group>";
		};
		8933D6471A1E7F1B009182A9 /* afcclient */ = {
			isa = PBXGroup;
			children = (
				8933D64F1A1E7F6C009182A9 /* afcclient.c */,
				8933D6501A1E7F6C009182A9 /* afcclient.h */,
				8933D6511A1E7F6C009182A9 /* libidev.c */,
				8933D6521A1E7F6C009182A9 /* libidev.h */,
			);
			path = afcclient;
			sourceTree = "<group>";
		};
/* End PBXGroup section */

/* Begin PBXNativeTarget section */
		8933D6441A1E7F1B009182A9 /* afcclient */ = {
			isa = PBXNativeTarget;
			buildConfigurationList = 8933D64C1A1E7F1C009182A9 /* Build configuration list for PBXNativeTarget "afcclient" */;
			buildPhases = (
				8933D6411A1E7F1B009182A9 /* Sources */,
				8933D6421A1E7F1B009182A9 /* Frameworks */,
				8933D6431A1E7F1B009182A9 /* CopyFiles */,
			);
			buildRules = (
			);
			dependencies = (
			);
			name = afcclient;
			productName = afcclient;
			productReference = 8933D6451A1E7F1B009182A9 /* afcclient */;
			productType = "com.apple.product-type.tool";
		};
/* End PBXNativeTarget section */

/* Begin PBXProject section */
		8933D63D1A1E7F1B009182A9 /* Project object */ = {
			isa = PBXProject;
			attributes = {
				LastUpgradeCheck = 0600;
				ORGANIZATIONNAME = "Kevin Bradley";
				TargetAttributes = {
					8933D6441A1E7F1B009182A9 = {
						CreatedOnToolsVersion = 6.0.1;
					};
				};
			};
			buildConfigurationList = 8933D6401A1E7F1B009182A9 /* Build configuration list for PBXProject "afcclient" */;
			compatibilityVersion = "Xcode 3.2";
			developmentRegion = English;
			hasScannedForEncodings = 0;
			knownRegions = (
				English,
				en,
			);
			mainGroup = 8933D63C1A1E7F1B009182A9;
			productRefGroup = 8933D6461A1E7F1B009182A9 /* Products */;
			projectDirPath = "";
			projectRoot = "";
			targets = (
				8933D6441A1E7F1B009182A9 /* afcclient */,
			);
		};
/* End PBXProject section */

/* Begin PBXSourcesBuildPhase section */
		8933D6411A1E7F1B009182A9 /* Sources */ = {
			isa = PBXSourcesBuildPhase;
			buildActionMask = 2147483647;
			files = (
				8933D6531A1E7F6C009182A9 /* afcclient.c in Sources */,
				8933D6541A1E7F6C009182A9 /* libidev.c in Sources */,
			);
			runOnlyForDeploymentPostprocessing = 0;
		};
/* End PBXSourcesBuildPhase section */

/* Begin XCBuildConfiguration section */
		8933D64A1A1E7F1C009182A9 /* Debug */ = {
			isa = XCBuildConfiguration;
			buildSettings = {
				ALWAYS_SEARCH_USER_PATHS = NO;
				CLANG_CXX_LANGUAGE_STANDARD = "gnu++0x";
				CLANG_CXX_LIBRARY = "libc++";
				CLANG_ENABLE_MODULES = YES;
				CLANG_ENABLE_OBJC_ARC = YES;
				CLANG_WARN_BOOL_CONVERSION = YES;
				CLANG_WARN_CONSTANT_CONVERSION = YES;
				CLANG_WARN_DIRECT_OBJC_ISA_USAGE = YES_ERROR;
				CLANG_WARN_EMPTY_BODY = YES;
				CLANG_WARN_ENUM_CONVERSION = YES;
				CLANG_WARN_INT_CONVERSION = YES;
				CLANG_WARN_OBJC_ROOT_CLASS = YES_ERROR;
				CLANG_WARN_UNREACHABLE_CODE = YES;
				CLANG_WARN__DUPLICATE_METHOD_MATCH = YES;
				COPY_PHASE_STRIP = NO;
				ENABLE_STRICT_OBJC_MSGSEND = YES;
				GCC_C_LANGUAGE_STANDARD = gnu99;
				GCC_DYNAMIC_NO_PIC = NO;
				GCC_OPTIMIZATION_LEVEL = 0;
				GCC_PREPROCESSOR_DEFINITIONS = (
					"DEBUG=1",
					"$(inherited)",
				);
				GCC_SYMBOLS_PRIVATE_EXTERN = NO;
				GCC_WARN_64_TO_32_BIT_CONVERSION = YES;
				GCC_WARN_ABOUT_RETURN_TYPE = YES_ERROR;
				GCC_WARN_UNDECLARED_SELECTOR = YES;
				GCC_WARN_UNINITIALIZED_AUTOS = YES_AGGRESSIVE;
				GCC_WARN_UNUSED_FUNCTION = YES;
				GCC_WARN_UNUSED_VARIABLE = YES;
				MACOSX_DEPLOYMENT_TARGET = 10.9;
				MTL_ENABLE_DEBUG_INFO = YES;
				ONLY_ACTIVE_ARCH = YES;
				SDKROOT = macosx;
			};
			name = Debug;
		};
		8933D64B1A1E7F1C009182A9 /* Release */ = {
			isa = XCBuildConfiguration;
			buildSettings = {
				ALWAYS_SEARCH_USER_PATHS = NO;
				CLANG_CXX_LANGUAGE_STANDARD = "gnu++0x";
				CLANG_CXX_LIBRARY = "libc++";
				CLANG_ENABLE_MODULES = YES;
				CLANG_ENABLE_OBJC_ARC = YES;
				CLANG_WARN_BOOL_CONVERSION = YES;
				CLANG_WARN_CONSTANT_CONVERSION = YES;
				CLANG_WARN_DIRECT_OBJC_ISA_USAGE = YES_ERROR;
				CLANG_WARN_EMPTY_BODY = YES;
				CLANG_WARN_ENUM_CONVERSION = YES;
				CLANG_WARN_INT_CONVERSION = YES;
				CLANG_WARN_OBJC_ROOT_CLASS = YES_ERROR;
				CLANG_WARN_UNREACHABLE_CODE = YES;
				CLANG_WARN__DUPLICATE_METHOD_MATCH = YES;
				COPY_PHASE_STRIP = YES;
				DEBUG_INFORMATION_FORMAT = "dwarf-with-dsym";
				ENABLE_NS_ASSERTIONS = NO;
				ENABLE_STRICT_OBJC_MSGSEND = YES;
				GCC_C_LANGUAGE_STANDARD = gnu99;
				GCC_WARN_64_TO_32_BIT_CONVERSION = YES;
				GCC_WARN_ABOUT_RETURN_TYPE = YES_ERROR;
				GCC_WARN_UNDECLARED_SELECTOR = YES;
				GCC_WARN_UNINITIALIZED_AUTOS = YES_AGGRESSIVE;
				GCC_WARN_UNUSED_FUNCTION = YES;
				GCC_WARN_UNUSED_VARIABLE = YES;
				MACOSX_DEPLOYMENT_TARGET = 10.9;
				MTL_ENABLE_DEBUG_INFO = NO;
				SDKROOT = macosx;
			};
			name = Release;
		};
		8933D64D1A1E7F1C009182A9 /* Debug */ = {
			isa = XCBuildConfiguration;
			buildSettings = {
				HEADER_SEARCH_PATHS = (
					$SRCROOT/afcclient/libimobiledevice,
					$SRCROOT/afcclient/include,
				);
				LIBRARY_SEARCH_PATHS = (
					"$(inherited)",
					"$(PROJECT_DIR)/afcclient/mac_libs",
					"$(PROJECT_DIR)/afcclient/static",
				);
				MACOSX_DEPLOYMENT_TARGET = 10.13;
				PRODUCT_NAME = "$(TARGET_NAME)";
				USER_HEADER_SEARCH_PATHS = "\"$(SRCROOT)\"/**";
			};
			name = Debug;
		};
		8933D64E1A1E7F1C009182A9 /* Release */ = {
			isa = XCBuildConfiguration;
			buildSettings = {
				HEADER_SEARCH_PATHS = (
					$SRCROOT/afcclient/libimobiledevice,
					$SRCROOT/afcclient/include,
				);
				LIBRARY_SEARCH_PATHS = (
					"$(inherited)",
					"$(PROJECT_DIR)/afcclient/mac_libs",
					"$(PROJECT_DIR)/afcclient/static",
				);
				MACOSX_DEPLOYMENT_TARGET = 10.13;
				PRODUCT_NAME = "$(TARGET_NAME)";
				USER_HEADER_SEARCH_PATHS = "\"$(SRCROOT)\"/**";
			};
			name = Release;
		};
/* End XCBuildConfiguration section */

/* Begin XCConfigurationList section */
		8933D6401A1E7F1B009182A9 /* Build configuration list for PBXProject "afcclient" */ = {
			isa = XCConfigurationList;
			buildConfigurations = (
				8933D64A1A1E7F1C009182A9 /* Debug */,
				8933D64B1A1E7F1C009182A9 /* Release */,
			);
			defaultConfigurationIsVisible = 0;
			defaultConfigurationName = Release;
		};
		8933D64C1A1E7F1C009182A9 /* Build configuration list for PBXNativeTarget "afcclient" */ = {
			isa = XCConfigurationList;
			buildConfigurations = (
				8933D64D1A1E7F1C009182A9 /* Debug */,
				8933D64E1A1E7F1C009182A9 /* Release */,
			);
			defaultConfigurationIsVisible = 0;
			defaultConfigurationName = Release;
		};
/* End XCConfigurationList section */
	};
	rootObject = 8933D63D1A1E7F1B009182A9 /* Project object */;
}
